
Microsoft Visual Studio Solution File, Format Version 12.00
# Visual Studio Version 16
VisualStudioVersion = 16.0.31129.286
MinimumVisualStudioVersion = 10.0.40219.1
Project("{FAE04EC0-301F-11D3-BF4B-00C04F79EFBC}") = "NguyenThiLuong_31", "NguyenThiLuong_31\NguyenThiLuong_31.csproj", "{57D79439-011E-4B45-9B13-19AA7ABCBA76}"
EndProject
Global
	GlobalSection(SolutionConfigurationPlatforms) = preSolution
		Debug|Any CPU = Debug|Any CPU
		Release|Any CPU = Release|Any CPU
	EndGlobalSection
	GlobalSection(ProjectConfigurationPlatforms) = postSolution
		{57D79439-011E-4B45-9B13-19AA7ABCBA76}.Debug|Any CPU.ActiveCfg = Debug|Any CPU
		{57D79439-011E-4B45-9B13-19AA7ABCBA76}.Debug|Any CPU.Build.0 = Debug|Any CPU
		{57D79439-011E-4B45-9B13-19AA7ABCBA76}.Release|Any CPU.ActiveCfg = Release|Any CPU
		{57D79439-011E-4B45-9B13-19AA7ABCBA76}.Release|Any CPU.Build.0 = Release|Any CPU
	EndGlobalSection
	GlobalSection(SolutionProperties) = preSolution
		HideSolutionNode = FALSE
	EndGlobalSection
	GlobalSection(ExtensibilityGlobals) = postSolution
		SolutionGuid = {B92BE440-914D-488C-AAC1-3E059083410F}
	EndGlobalSection
EndGlobal
